Microsoft Visual Studio Solution File, Format Version 12.00
# Visual Studio Version 17
VisualStudioVersion = 17.5.2.0
MinimumVisualStudioVersion = 10.0.40219.1
Project("{FAE04EC0-301F-11D3-BF4B-00C04F79EFBC}") = "Leetcode3467", "Leetcode3467\Leetcode3467.csproj", "{C45B5128-E862-5F84-4CB7-27E0313B752D}"
EndProject
Global
	GlobalSection(SolutionConfigurationPlatforms) = preSolution
		Debug|Any CPU = Debug|Any CPU
		Release|Any CPU = Release|Any CPU
	EndGlobalSection
	GlobalSection(ProjectConfigurationPlatforms) = postSolution
		{C45B5128-E862-5F84-4CB7-27E0313B752D}.Debug|Any CPU.ActiveCfg = Debug|Any CPU
		{C45B5128-E862-5F84-4CB7-27E0313B752D}.Debug|Any CPU.Build.0 = Debug|Any CPU
		{C45B5128-E862-5F84-4CB7-27E0313B752D}.Release|Any CPU.ActiveCfg = Release|Any CPU
		{C45B5128-E862-5F84-4CB7-27E0313B752D}.Release|Any CPU.Build.0 = Release|Any CPU
	EndGlobalSection
	GlobalSection(SolutionProperties) = preSolution
		HideSolutionNode = FALSE
	EndGlobalSection
	GlobalSection(ExtensibilityGlobals) = postSolution
		SolutionGuid = {483A425C-C588-4648-AAC9-DEEBA9BDA05D}
	EndGlobalSection
EndGlobal
